
Microsoft Visual Studio Solution File, Format Version 12.00
# Visual Studio Version 17
VisualStudioVersion = 17.3.32819.101
MinimumVisualStudioVersion = 10.0.40219.1
Project("{FAE04EC0-301F-11D3-BF4B-00C04F79EFBC}") = "Spikes.AspNetCore.ODataRouting", "Spikes.AspNetCore.ODataRouting\Spikes.AspNetCore.ODataRouting.csproj", "{FAB96A71-7697-459A-831F-48605FD5B949}"
EndProject
Global
	GlobalSection(SolutionConfigurationPlatforms) = preSolution
		Debug|Any CPU = Debug|Any CPU
		Release|Any CPU = Release|Any CPU
	EndGlobalSection
	GlobalSection(ProjectConfigurationPlatforms) = postSolution
		{FAB96A71-7697-459A-831F-48605FD5B949}.Debug|Any CPU.ActiveCfg = Debug|Any CPU
		{FAB96A71-7697-459A-831F-48605FD5B949}.Debug|Any CPU.Build.0 = Debug|Any CPU
		{FAB96A71-7697-459A-831F-48605FD5B949}.Release|Any CPU.ActiveCfg = Release|Any CPU
		{FAB96A71-7697-459A-831F-48605FD5B949}.Release|Any CPU.Build.0 = Release|Any CPU
	EndGlobalSection
	GlobalSection(SolutionProperties) = preSolution
		HideSolutionNode = FALSE
	EndGlobalSection
	GlobalSection(ExtensibilityGlobals) = postSolution
		SolutionGuid = {2A2C40E9-735A-4C75-8303-5D9A9B42B295}
	EndGlobalSection
EndGlobal
